
Microsoft Visual Studio Solution File, Format Version 12.00
# Visual Studio Version 17
VisualStudioVersion = 17.13.35931.197 d17.13
MinimumVisualStudioVersion = 10.0.40219.1
Project("{FAE04EC0-301F-11D3-BF4B-00C04F79EFBC}") = "Archivos secuenciales", "Archivos secuenciales\Archivos secuenciales.csproj", "{6ABDCC67-DE66-477A-84C1-45B48B97706E}"
EndProject
Global
	GlobalSection(SolutionConfigurationPlatforms) = preSolution
		Debug|Any CPU = Debug|Any CPU
		Release|Any CPU = Release|Any CPU
	EndGlobalSection
	GlobalSection(ProjectConfigurationPlatforms) = postSolution
		{6ABDCC67-DE66-477A-84C1-45B48B97706E}.Debug|Any CPU.ActiveCfg = Debug|Any CPU
		{6ABDCC67-DE66-477A-84C1-45B48B97706E}.Debug|Any CPU.Build.0 = Debug|Any CPU
		{6ABDCC67-DE66-477A-84C1-45B48B97706E}.Release|Any CPU.ActiveCfg = Release|Any CPU
		{6ABDCC67-DE66-477A-84C1-45B48B97706E}.Release|Any CPU.Build.0 = Release|Any CPU
	EndGlobalSection
	GlobalSection(SolutionProperties) = preSolution
		HideSolutionNode = FALSE
	EndGlobalSection
	GlobalSection(ExtensibilityGlobals) = postSolution
		SolutionGuid = {4D073870-876E-488A-9A4E-C2633751718D}
	EndGlobalSection
EndGlobal
